
Microsoft Visual Studio Solution File, Format Version 12.00
# Visual Studio Version 17
VisualStudioVersion = 17.4.33205.214
MinimumVisualStudioVersion = 10.0.40219.1
Project("{FAE04EC0-301F-11D3-BF4B-00C04F79EFBC}") = "console dersi 14", "console dersi 14\console dersi 14.csproj", "{A0E5DFBA-D636-413C-80B3-6EC8F31DA185}"
EndProject
Global
	GlobalSection(SolutionConfigurationPlatforms) = preSolution
		Debug|Any CPU = Debug|Any CPU
		Release|Any CPU = Release|Any CPU
	EndGlobalSection
	GlobalSection(ProjectConfigurationPlatforms) = postSolution
		{A0E5DFBA-D636-413C-80B3-6EC8F31DA185}.Debug|Any CPU.ActiveCfg = Debug|Any CPU
		{A0E5DFBA-D636-413C-80B3-6EC8F31DA185}.Debug|Any CPU.Build.0 = Debug|Any CPU
		{A0E5DFBA-D636-413C-80B3-6EC8F31DA185}.Release|Any CPU.ActiveCfg = Release|Any CPU
		{A0E5DFBA-D636-413C-80B3-6EC8F31DA185}.Release|Any CPU.Build.0 = Release|Any CPU
	EndGlobalSection
	GlobalSection(SolutionProperties) = preSolution
		HideSolutionNode = FALSE
	EndGlobalSection
	GlobalSection(ExtensibilityGlobals) = postSolution
		SolutionGuid = {64488BF3-FFF0-48BB-A551-B2A819B302C8}
	EndGlobalSection
EndGlobal
